
Microsoft Visual Studio Solution File, Format Version 12.00
# Visual Studio Version 16
VisualStudioVersion = 16.0.30503.244
MinimumVisualStudioVersion = 10.0.40219.1
Project("{8BC9CEB8-8B4A-11D0-8D11-00A0C91BC942}") = "hello-world", "hello-world.vcxproj", "{71CF5935-B65F-4730-A9C9-0F2CB1C42B78}"
EndProject
Global
	GlobalSection(SolutionConfigurationPlatforms) = preSolution
		Debug|x64 = Debug|x64
		Release|x64 = Release|x64
	EndGlobalSection
	GlobalSection(ProjectConfigurationPlatforms) = postSolution
		{71CF5935-B65F-4730-A9C9-0F2CB1C42B78}.Debug|x64.ActiveCfg = Debug|x64
		{71CF5935-B65F-4730-A9C9-0F2CB1C42B78}.Debug|x64.Build.0 = Debug|x64
		{71CF5935-B65F-4730-A9C9-0F2CB1C42B78}.Release|x64.ActiveCfg = Release|x64
		{71CF5935-B65F-4730-A9C9-0F2CB1C42B78}.Release|x64.Build.0 = Release|x64
	EndGlobalSection
	GlobalSection(SolutionProperties) = preSolution
		HideSolutionNode = FALSE
	EndGlobalSection
	GlobalSection(ExtensibilityGlobals) = postSolution
		SolutionGuid = {4552382C-0FB1-4E34-AC37-A77F112F5C65}
	EndGlobalSection
EndGlobal
